// !$*UTF8*$!
{
	archiveVersion = 1;
	classes = {
	};
	objectVersion = 50;
	objects = {

/* Begin PBXBuildFile section */
		2C151C4223075DD7003094CA /* AppDelegate.m in Sources */ = {isa = PBXBuildFile; fileRef = 2C151C4123075DD7003094CA /* AppDelegate.m */; };
		2C151C4523075DD7003094CA /* ViewController.m in Sources */ = {isa = PBXBuildFile; fileRef = 2C151C4423075DD7003094CA /* ViewController.m */; };
		2C151C4823075DD7003094CA /* Main.storyboard in Resources */ = {isa = PBXBuildFile; fileRef = 2C151C4623075DD7003094CA /* Main.storyboard */; };
		2C151C4A23075DD8003094CA /* Assets.xcassets in Resources */ = {isa = PBXBuildFile; fileRef = 2C151C4923075DD8003094CA /* Assets.xcassets */; };
		2C151C4D23075DD8003094CA /* LaunchScreen.storyboard in Resources */ = {isa = PBXBuildFile; fileRef = 2C151C4B23075DD8003094CA /* LaunchScreen.storyboard */; };
		2C151C5023075DD8003094CA /* main.m in Sources */ = {isa = PBXBuildFile; fileRef = 2C151C4F23075DD8003094CA /* main.m */; };
		2C151C5A23075DD8003094CA /* FizzBuzzTests.m in Sources */ = {isa = PBXBuildFile; fileRef = 2C151C5923075DD8003094CA /* FizzBuzzTests.m */; };
		2C151C6523075DD8003094CA /* FizzBuzzUITests.m in Sources */ = {isa = PBXBuildFile; fileRef = 2C151C6423075DD8003094CA /* FizzBuzzUITests.m */; };
/* End PBXBuildFile section */

/* Begin PBXContainerItemProxy section */
		2C151C5623075DD8003094CA /* PBXContainerItemProxy */ = {
			isa = PBXContainerItemProxy;
			containerPortal = 2C151C3523075DD7003094CA /* Project object */;
			proxyType = 1;
			remoteGlobalIDString = 2C151C3C23075DD7003094CA;
			remoteInfo = FizzBuzz;
		};
		2C151C6123075DD8003094CA /* PBXContainerItemProxy */ = {
			isa = PBXContainerItemProxy;
			containerPortal = 2C151C3523075DD7003094CA /* Project object */;
			proxyType = 1;
			remoteGlobalIDString = 2C151C3C23075DD7003094CA;
			remoteInfo = FizzBuzz;
		};
/* End PBXContainerItemProxy section */

/* Begin PBXFileReference section */
		2C151C3D23075DD7003094CA /* FizzBuzz.app */ = {isa = PBXFileReference; explicitFileType = wrapper.application; includeInIndex = 0; path = FizzBuzz.app; sourceTree = BUILT_PRODUCTS_DIR; };
		2C151C4023075DD7003094CA /* AppDelegate.h */ = {isa = PBXFileReference; lastKnownFileType = sourcecode.c.h; path = AppDelegate.h; sourceTree = "<group>"; };
		2C151C4123075DD7003094CA /* AppDelegate.m */ = {isa = PBXFileReference; lastKnownFileType = sourcecode.c.objc; path = AppDelegate.m; sourceTree = "<group>"; };
		2C151C4323075DD7003094CA /* ViewController.h */ = {isa = PBXFileReference; lastKnownFileType = sourcecode.c.h; path = ViewController.h; sourceTree = "<group>"; };
		2C151C4423075DD7003094CA /* ViewController.m */ = {isa = PBXFileReference; lastKnownFileType = sourcecode.c.objc; path = ViewController.m; sourceTree = "<group>"; };
		2C151C4723075DD7003094CA /* Base */ = {isa = PBXFileReference; lastKnownFileType = file.storyboard; name = Base; path = Base.lproj/Main.storyboard; sourceTree = "<group>"; };
		2C151C4923075DD8003094CA /* Assets.xcassets */ = {isa = PBXFileReference; lastKnownFileType = folder.assetcatalog; path = Assets.xcassets; sourceTree = "<group>"; };
		2C151C4C23075DD8003094CA /* Base */ = {isa = PBXFileReference; lastKnownFileType = file.storyboard; name = Base; path = Base.lproj/LaunchScreen.storyboard; sourceTree = "<group>"; };
		2C151C4E23075DD8003094CA /* Info.plist */ = {isa = PBXFileReference; lastKnownFileType = text.plist.xml; path = Info.plist; sourceTree = "<group>"; };
		2C151C4F23075DD8003094CA /* main.m */ = {isa = PBXFileReference; lastKnownFileType = sourcecode.c.objc; path = main.m; sourceTree = "<group>"; };
		2C151C5523075DD8003094CA /* FizzBuzzTests.xctest */ = {isa = PBXFileReference; explicitFileType = wrapper.cfbundle; includeInIndex = 0; path = FizzBuzzTests.xctest; sourceTree = BUILT_PRODUCTS_DIR; };
		2C151C5923075DD8003094CA /* FizzBuzzTests.m */ = {isa = PBXFileReference; lastKnownFileType = sourcecode.c.objc; path = FizzBuzzTests.m; sourceTree = "<group>"; };
		2C151C5B23075DD8003094CA /* Info.plist */ = {isa = PBXFileReference; lastKnownFileType = text.plist.xml; path = Info.plist; sourceTree = "<group>"; };
		2C151C6023075DD8003094CA /* FizzBuzzUITests.xctest */ = {isa = PBXFileReference; explicitFileType = wrapper.cfbundle; includeInIndex = 0; path = FizzBuzzUITests.xctest; sourceTree = BUILT_PRODUCTS_DIR; };
		2C151C6423075DD8003094CA /* FizzBuzzUITests.m */ = {isa = PBXFileReference; lastKnownFileType = sourcecode.c.objc; path = FizzBuzzUITests.m; sourceTree = "<group>"; };
		2C151C6623075DD8003094CA /* Info.plist */ = {isa = PBXFileReference; lastKnownFileType = text.plist.xml; path = Info.plist; sourceTree = "<group>"; };
/* End PBXFileReference section */

/* Begin PBXFrameworksBuildPhase section */
		2C151C3A23075DD7003094CA /* Frameworks */ = {
			isa = PBXFrameworksBuildPhase;
			buildActionMask = 2147483647;
			files = (
			);
			runOnlyForDeploymentPostprocessing = 0;
		};
		2C151C5223075DD8003094CA /* Frameworks */ = {
			isa = PBXFrameworksBuildPhase;
			buildActionMask = 2147483647;
			files = (
			);
			runOnlyForDeploymentPostprocessing = 0;
		};
		2C151C5D23075DD8003094CA /* Frameworks */ = {
			isa = PBXFrameworksBuildPhase;
			buildActionMask = 2147483647;
			files = (
			);
			runOnlyForDeploymentPostprocessing = 0;
		};
/* End PBXFrameworksBuildPhase section */

/* Begin PBXGroup section */
		2C151C3423075DD7003094CA = {
			isa = PBXGroup;
			children = (
				2C151C3F23075DD7003094CA /* FizzBuzz */,
				2C151C5823075DD8003094CA /* FizzBuzzTests */,
				2C151C6323075DD8003094CA /* FizzBuzzUITests */,
				2C151C3E23075DD7003094CA /* Products */,
			);
			sourceTree = "<group>";
		};
		2C151C3E23075DD7003094CA /* Products */ = {
			isa = PBXGroup;
			children = (
				2C151C3D23075DD7003094CA /* FizzBuzz.app */,
				2C151C5523075DD8003094CA /* FizzBuzzTests.xctest */,
				2C151C6023075DD8003094CA /* FizzBuzzUITests.xctest */,
			);
			name = Products;
			sourceTree = "<group>";
		};
		2C151C3F23075DD7003094CA /* FizzBuzz */ = {
			isa = PBXGroup;
			children = (
				2C151C4023075DD7003094CA /* AppDelegate.h */,
				2C151C4123075DD7003094CA /* AppDelegate.m */,
				2C151C4323075DD7003094CA /* ViewController.h */,
				2C151C4423075DD7003094CA /* ViewController.m */,
				2C151C4623075DD7003094CA /* Main.storyboard */,
				2C151C4923075DD8003094CA /* Assets.xcassets */,
				2C151C4B23075DD8003094CA /* LaunchScreen.storyboard */,
				2C151C4E23075DD8003094CA /* Info.plist */,
				2C151C4F23075DD8003094CA /* main.m */,
			);
			path = FizzBuzz;
			sourceTree = "<group>";
		};
		2C151C5823075DD8003094CA /* FizzBuzzTests */ = {
			isa = PBXGroup;
			children = (
				2C151C5923075DD8003094CA /* FizzBuzzTests.m */,
				2C151C5B23075DD8003094CA /* Info.plist */,
			);
			path = FizzBuzzTests;
			sourceTree = "<group>";
		};
		2C151C6323075DD8003094CA /* FizzBuzzUITests */ = {
			isa = PBXGroup;
			children = (
				2C151C6423075DD8003094CA /* FizzBuzzUITests.m */,
				2C151C6623075DD8003094CA /* Info.plist */,
			);
			path = FizzBuzzUITests;
			sourceTree = "<group>";
		};
/* End PBXGroup section */

/* Begin PBXNativeTarget section */
		2C151C3C23075DD7003094CA /* FizzBuzz */ = {
			isa = PBXNativeTarget;
			buildConfigurationList = 2C151C6923075DD8003094CA /* Build configuration list for PBXNativeTarget "FizzBuzz" */;
			buildPhases = (
				2C151C3923075DD7003094CA /* Sources */,
				2C151C3A23075DD7003094CA /* Frameworks */,
				2C151C3B23075DD7003094CA /* Resources */,
			);
			buildRules = (
			);
			dependencies = (
			);
			name = FizzBuzz;
			productName = FizzBuzz;
			productReference = 2C151C3D23075DD7003094CA /* FizzBuzz.app */;
			productType = "com.apple.product-type.application";
		};
		2C151C5423075DD8003094CA /* FizzBuzzTests */ = {
			isa = PBXNativeTarget;
			buildConfigurationList = 2C151C6C23075DD8003094CA /* Build configuration list for PBXNativeTarget "FizzBuzzTests" */;
			buildPhases = (
				2C151C5123075DD8003094CA /* Sources */,
				2C151C5223075DD8003094CA /* Frameworks */,
				2C151C5323075DD8003094CA /* Resources */,
			);
			buildRules = (
			);
			dependencies = (
				2C151C5723075DD8003094CA /* PBXTargetDependency */,
			);
			name = FizzBuzzTests;
			productName = FizzBuzzTests;
			productReference = 2C151C5523075DD8003094CA /* FizzBuzzTests.xctest */;
			productType = "com.apple.product-type.bundle.unit-test";
		};
		2C151C5F23075DD8003094CA /* FizzBuzzUITests */ = {
			isa = PBXNativeTarget;
			buildConfigurationList = 2C151C6F23075DD8003094CA /* Build configuration list for PBXNativeTarget "FizzBuzzUITests" */;
			buildPhases = (
				2C151C5C23075DD8003094CA /* Sources */,
				2C151C5D23075DD8003094CA /* Frameworks */,
				2C151C5E23075DD8003094CA /* Resources */,
			);
			buildRules = (
			);
			dependencies = (
				2C151C6223075DD8003094CA /* PBXTargetDependency */,
			);
			name = FizzBuzzUITests;
			productName = FizzBuzzUITests;
			productReference = 2C151C6023075DD8003094CA /* FizzBuzzUITests.xctest */;
			productType = "com.apple.product-type.bundle.ui-testing";
		};
/* End PBXNativeTarget section */

/* Begin PBXProject section */
		2C151C3523075DD7003094CA /* Project object */ = {
			isa = PBXProject;
			attributes = {
				LastUpgradeCheck = 1030;
				ORGANIZATIONNAME = "Stephen Chiang";
				TargetAttributes = {
					2C151C3C23075DD7003094CA = {
						CreatedOnToolsVersion = 10.3;
					};
					2C151C5423075DD8003094CA = {
						CreatedOnToolsVersion = 10.3;
						TestTargetID = 2C151C3C23075DD7003094CA;
					};
					2C151C5F23075DD8003094CA = {
						CreatedOnToolsVersion = 10.3;
						TestTargetID = 2C151C3C23075DD7003094CA;
					};
				};
			};
			buildConfigurationList = 2C151C3823075DD7003094CA /* Build configuration list for PBXProject "FizzBuzz" */;
			compatibilityVersion = "Xcode 9.3";
			developmentRegion = en;
			hasScannedForEncodings = 0;
			knownRegions = (
				en,
				Base,
			);
			mainGroup = 2C151C3423075DD7003094CA;
			productRefGroup = 2C151C3E23075DD7003094CA /* Products */;
			projectDirPath = "";
			projectRoot = "";
			targets = (
				2C151C3C23075DD7003094CA /* FizzBuzz */,
				2C151C5423075DD8003094CA /* FizzBuzzTests */,
				2C151C5F23075DD8003094CA /* FizzBuzzUITests */,
			);
		};
/* End PBXProject section */

/* Begin PBXResourcesBuildPhase section */
		2C151C3B23075DD7003094CA /* Resources */ = {
			isa = PBXResourcesBuildPhase;
			buildActionMask = 2147483647;
			files = (
				2C151C4D23075DD8003094CA /* LaunchScreen.storyboard in Resources */,
				2C151C4A23075DD8003094CA /* Assets.xcassets in Resources */,
				2C151C4823075DD7003094CA /* Main.storyboard in Resources */,
			);
			runOnlyForDeploymentPostprocessing = 0;
		};
		2C151C5323075DD8003094CA /* Resources */ = {
			isa = PBXResourcesBuildPhase;
			buildActionMask = 2147483647;
			files = (
			);
			runOnlyForDeploymentPostprocessing = 0;
		};
		2C151C5E23075DD8003094CA /* Resources */ = {
			isa = PBXResourcesBuildPhase;
			buildActionMask = 2147483647;
			files = (
			);
			runOnlyForDeploymentPostprocessing = 0;
		};
/* End PBXResourcesBuildPhase section */

/* Begin PBXSourcesBuildPhase section */
		2C151C3923075DD7003094CA /* Sources */ = {
			isa = PBXSourcesBuildPhase;
			buildActionMask = 2147483647;
			files = (
				2C151C4523075DD7003094CA /* ViewController.m in Sources */,
				2C151C5023075DD8003094CA /* main.m in Sources */,
				2C151C4223075DD7003094CA /* AppDelegate.m in Sources */,
			);
			runOnlyForDeploymentPostprocessing = 0;
		};
		2C151C5123075DD8003094CA /* Sources */ = {
			isa = PBXSourcesBuildPhase;
			buildActionMask = 2147483647;
			files = (
				2C151C5A23075DD8003094CA /* FizzBuzzTests.m in Sources */,
			);
			runOnlyForDeploymentPostprocessing = 0;
		};
		2C151C5C23075DD8003094CA /* Sources */ = {
			isa = PBXSourcesBuildPhase;
			buildActionMask = 2147483647;
			files = (
				2C151C6523075DD8003094CA /* FizzBuzzUITests.m in Sources */,
			);
			runOnlyForDeploymentPostprocessing = 0;
		};
/* End PBXSourcesBuildPhase section */

/* Begin PBXTargetDependency section */
		2C151C5723075DD8003094CA /* PBXTargetDependency */ = {
			isa = PBXTargetDependency;
			target = 2C151C3C23075DD7003094CA /* FizzBuzz */;
			targetProxy = 2C151C5623075DD8003094CA /* PBXContainerItemProxy */;
		};
		2C151C6223075DD8003094CA /* PBXTargetDependency */ = {
			isa = PBXTargetDependency;
			target = 2C151C3C23075DD7003094CA /* FizzBuzz */;
			targetProxy = 2C151C6123075DD8003094CA /* PBXContainerItemProxy */;
		};
/* End PBXTargetDependency section */

/* Begin PBXVariantGroup section */
		2C151C4623075DD7003094CA /* Main.storyboard */ = {
			isa = PBXVariantGroup;
			children = (
				2C151C4723075DD7003094CA /* Base */,
			);
			name = Main.storyboard;
			sourceTree = "<group>";
		};
		2C151C4B23075DD8003094CA /* LaunchScreen.storyboard */ = {
			isa = PBXVariantGroup;
			children = (
				2C151C4C23075DD8003094CA /* Base */,
			);
			name = LaunchScreen.storyboard;
			sourceTree = "<group>";
		};
/* End PBXVariantGroup section */

/* Begin XCBuildConfiguration section */
		2C151C6723075DD8003094CA /* Debug */ = {
			isa = XCBuildConfiguration;
			buildSettings = {
				ALWAYS_SEARCH_USER_PATHS = NO;
				CLANG_ANALYZER_NONNULL = YES;
				CLANG_ANALYZER_NUMBER_OBJECT_CONVERSION = YES_AGGRESSIVE;
				CLANG_CXX_LANGUAGE_STANDARD = "gnu++14";
				CLANG_CXX_LIBRARY = "libc++";
				CLANG_ENABLE_MODULES = YES;
				CLANG_ENABLE_OBJC_ARC = YES;
				CLANG_ENABLE_OBJC_WEAK = YES;
				CLANG_WARN_BLOCK_CAPTURE_AUTORELEASING = YES;
				CLANG_WARN_BOOL_CONVERSION = YES;
				CLANG_WARN_COMMA = YES;
				CLANG_WARN_CONSTANT_CONVERSION = YES;
				CLANG_WARN_DEPRECATED_OBJC_IMPLEMENTATIONS = YES;
				CLANG_WARN_DIRECT_OBJC_ISA_USAGE = YES_ERROR;
				CLANG_WARN_DOCUMENTATION_COMMENTS = YES;
				CLANG_WARN_EMPTY_BODY = YES;
				CLANG_WARN_ENUM_CONVERSION = YES;
				CLANG_WARN_INFINITE_RECURSION = YES;
				CLANG_WARN_INT_CONVERSION = YES;
				CLANG_WARN_NON_LITERAL_NULL_CONVERSION = YES;
				CLANG_WARN_OBJC_IMPLICIT_RETAIN_SELF = YES;
				CLANG_WARN_OBJC_LITERAL_CONVERSION = YES;
				CLANG_WARN_OBJC_ROOT_CLASS = YES_ERROR;
				CLANG_WARN_RANGE_LOOP_ANALYSIS = YES;
				CLANG_WARN_STRICT_PROTOTYPES = YES;
				CLANG_WARN_SUSPICIOUS_MOVE = YES;
				CLANG_WARN_UNGUARDED_AVAILABILITY = YES_AGGRESSIVE;
				CLANG_WARN_UNREACHABLE_CODE = YES;
				CLANG_WARN__DUPLICATE_METHOD_MATCH = YES;
				CODE_SIGN_IDENTITY = "iPhone Developer";
				COPY_PHASE_STRIP = NO;
				DEBUG_INFORMATION_FORMAT = dwarf;
				ENABLE_STRICT_OBJC_MSGSEND = YES;
				ENABLE_TESTABILITY = YES;
				GCC_C_LANGUAGE_STANDARD = gnu11;
				GCC_DYNAMIC_NO_PIC = NO;
				GCC_NO_COMMON_BLOCKS = YES;
				GCC_OPTIMIZATION_LEVEL = 0;
				GCC_PREPROCESSOR_DEFINITIONS = (
					"DEBUG=1",
					"$(inherited)",
				);
				GCC_WARN_64_TO_32_BIT_CONVERSION = YES;
				GCC_WARN_ABOUT_RETURN_TYPE = YES_ERROR;
				GCC_WARN_UNDECLARED_SELECTOR = YES;
				GCC_WARN_UNINITIALIZED_AUTOS = YES_AGGRESSIVE;
				GCC_WARN_UNUSED_FUNCTION = YES;
				GCC_WARN_UNUSED_VARIABLE = YES;
				IPHONEOS_DEPLOYMENT_TARGET = 12.4;
				MTL_ENABLE_DEBUG_INFO = INCLUDE_SOURCE;
				MTL_FAST_MATH = YES;
				ONLY_ACTIVE_ARCH = YES;
				SDKROOT = iphoneos;
			};
			name = Debug;
		};
		2C151C6823075DD8003094CA /* Release */ = {
			isa = XCBuildConfiguration;
			buildSettings = {
				ALWAYS_SEARCH_USER_PATHS = NO;
				CLANG_ANALYZER_NONNULL = YES;
				CLANG_ANALYZER_NUMBER_OBJECT_CONVERSION = YES_AGGRESSIVE;
				CLANG_CXX_LANGUAGE_STANDARD = "gnu++14";
				CLANG_CXX_LIBRARY = "libc++";
				CLANG_ENABLE_MODULES = YES;
				CLANG_ENABLE_OBJC_ARC = YES;
				CLANG_ENABLE_OBJC_WEAK = YES;
				CLANG_WARN_BLOCK_CAPTURE_AUTORELEASING = YES;
				CLANG_WARN_BOOL_CONVERSION = YES;
				CLANG_WARN_COMMA = YES;
				CLANG_WARN_CONSTANT_CONVERSION = YES;
				CLANG_WARN_DEPRECATED_OBJC_IMPLEMENTATIONS = YES;
				CLANG_WARN_DIRECT_OBJC_ISA_USAGE = YES_ERROR;
				CLANG_WARN_DOCUMENTATION_COMMENTS = YES;
				CLANG_WARN_EMPTY_BODY = YES;
				CLANG_WARN_ENUM_CONVERSION = YES;
				CLANG_WARN_INFINITE_RECURSION = YES;
				CLANG_WARN_INT_CONVERSION = YES;
				CLANG_WARN_NON_LITERAL_NULL_CONVERSION = YES;
				CLANG_WARN_OBJC_IMPLICIT_RETAIN_SELF = YES;
				CLANG_WARN_OBJC_LITERAL_CONVERSION = YES;
				CLANG_WARN_OBJC_ROOT_CLASS = YES_ERROR;
				CLANG_WARN_RANGE_LOOP_ANALYSIS = YES;
				CLANG_WARN_STRICT_PROTOTYPES = YES;
				CLANG_WARN_SUSPICIOUS_MOVE = YES;
				CLANG_WARN_UNGUARDED_AVAILABILITY = YES_AGGRESSIVE;
				CLANG_WARN_UNREACHABLE_CODE = YES;
				CLANG_WARN__DUPLICATE_METHOD_MATCH = YES;
				CODE_SIGN_IDENTITY = "iPhone Developer";
				COPY_PHASE_STRIP = NO;
				DEBUG_INFORMATION_FORMAT = "dwarf-with-dsym";
				ENABLE_NS_ASSERTIONS = NO;
				ENABLE_STRICT_OBJC_MSGSEND = YES;
				GCC_C_LANGUAGE_STANDARD = gnu11;
				GCC_NO_COMMON_BLOCKS = YES;
				GCC_WARN_64_TO_32_BIT_CONVERSION = YES;
				GCC_WARN_ABOUT_RETURN_TYPE = YES_ERROR;
				GCC_WARN_UNDECLARED_SELECTOR = YES;
				GCC_WARN_UNINITIALIZED_AUTOS = YES_AGGRESSIVE;
				GCC_WARN_UNUSED_FUNCTION = YES;
				GCC_WARN_UNUSED_VARIABLE = YES;
				IPHONEOS_DEPLOYMENT_TARGET = 12.4;
				MTL_ENABLE_DEBUG_INFO = NO;
				MTL_FAST_MATH = YES;
				SDKROOT = iphoneos;
				VALIDATE_PRODUCT = YES;
			};
			name = Release;
		};
		2C151C6A23075DD8003094CA /* Debug */ = {
			isa = XCBuildConfiguration;
			buildSettings = {
				ASSETCATALOG_COMPILER_APPICON_NAME = AppIcon;
				CODE_SIGN_STYLE = Automatic;
				INFOPLIST_FILE = FizzBuzz/Info.plist;
				LD_RUNPATH_SEARCH_PATHS = (
					"$(inherited)",
					"@executable_path/Frameworks",
				);
				PRODUCT_BUNDLE_IDENTIFIER = net.stephenchiang.FizzBuzz;
				PRODUCT_NAME = "$(TARGET_NAME)";
				TARGETED_DEVICE_FAMILY = "1,2";
			};
			name = Debug;
		};
		2C151C6B23075DD8003094CA /* Release */ = {
			isa = XCBuildConfiguration;
			buildSettings = {
				ASSETCATALOG_COMPILER_APPICON_NAME = AppIcon;
				CODE_SIGN_STYLE = Automatic;
				INFOPLIST_FILE = FizzBuzz/Info.plist;
				LD_RUNPATH_SEARCH_PATHS = (
					"$(inherited)",
					"@executable_path/Frameworks",
				);
				PRODUCT_BUNDLE_IDENTIFIER = net.stephenchiang.FizzBuzz;
				PRODUCT_NAME = "$(TARGET_NAME)";
				TARGETED_DEVICE_FAMILY = "1,2";
			};
			name = Release;
		};
		2C151C6D23075DD8003094CA /* Debug */ = {
			isa = XCBuildConfiguration;
			buildSettings = {
				BUNDLE_LOADER = "$(TEST_HOST)";
				CODE_SIGN_STYLE = Automatic;
				INFOPLIST_FILE = FizzBuzzTests/Info.plist;
				LD_RUNPATH_SEARCH_PATHS = (
					"$(inherited)",
					"@executable_path/Frameworks",
					"@loader_path/Frameworks",
				);
				PRODUCT_BUNDLE_IDENTIFIER = net.stephenchiang.FizzBuzzTests;
				PRODUCT_NAME = "$(TARGET_NAME)";
				TARGETED_DEVICE_FAMILY = "1,2";
				TEST_HOST = "$(BUILT_PRODUCTS_DIR)/FizzBuzz.app/FizzBuzz";
			};
			name = Debug;
		};
		2C151C6E23075DD8003094CA /* Release */ = {
			isa = XCBuildConfiguration;
			buildSettings = {
				BUNDLE_LOADER = "$(TEST_HOST)";
				CODE_SIGN_STYLE = Automatic;
				INFOPLIST_FILE = FizzBuzzTests/Info.plist;
				LD_RUNPATH_SEARCH_PATHS = (
					"$(inherited)",
					"@executable_path/Frameworks",
					"@loader_path/Frameworks",
				);
				PRODUCT_BUNDLE_IDENTIFIER = net.stephenchiang.FizzBuzzTests;
				PRODUCT_NAME = "$(TARGET_NAME)";
				TARGETED_DEVICE_FAMILY = "1,2";
				TEST_HOST = "$(BUILT_PRODUCTS_DIR)/FizzBuzz.app/FizzBuzz";
			};
			name = Release;
		};
		2C151C7023075DD8003094CA /* Debug */ = {
			isa = XCBuildConfiguration;
			buildSettings = {
				CODE_SIGN_STYLE = Automatic;
				INFOPLIST_FILE = FizzBuzzUITests/Info.plist;
				LD_RUNPATH_SEARCH_PATHS = (
					"$(inherited)",
					"@executable_path/Frameworks",
					"@loader_path/Frameworks",
				);
				PRODUCT_BUNDLE_IDENTIFIER = net.stephenchiang.FizzBuzzUITests;
				PRODUCT_NAME = "$(TARGET_NAME)";
				TARGETED_DEVICE_FAMILY = "1,2";
				TEST_TARGET_NAME = FizzBuzz;
			};
			name = Debug;
		};
		2C151C7123075DD8003094CA /* Release */ = {
			isa = XCBuildConfiguration;
			buildSettings = {
				CODE_SIGN_STYLE = Automatic;
				INFOPLIST_FILE = FizzBuzzUITests/Info.plist;
				LD_RUNPATH_SEARCH_PATHS = (
					"$(inherited)",
					"@executable_path/Frameworks",
					"@loader_path/Frameworks",
				);
				PRODUCT_BUNDLE_IDENTIFIER = net.stephenchiang.FizzBuzzUITests;
				PRODUCT_NAME = "$(TARGET_NAME)";
				TARGETED_DEVICE_FAMILY = "1,2";
				TEST_TARGET_NAME = FizzBuzz;
			};
			name = Release;
		};
/* End XCBuildConfiguration section */

/* Begin XCConfigurationList section */
		2C151C3823075DD7003094CA /* Build configuration list for PBXProject "FizzBuzz" */ = {
			isa = XCConfigurationList;
			buildConfigurations = (
				2C151C6723075DD8003094CA /* Debug */,
				2C151C6823075DD8003094CA /* Release */,
			);
			defaultConfigurationIsVisible = 0;
			defaultConfigurationName = Release;
		};
		2C151C6923075DD8003094CA /* Build configuration list for PBXNativeTarget "FizzBuzz" */ = {
			isa = XCConfigurationList;
			buildConfigurations = (
				2C151C6A23075DD8003094CA /* Debug */,
				2C151C6B23075DD8003094CA /* Release */,
			);
			defaultConfigurationIsVisible = 0;
			defaultConfigurationName = Release;
		};
		2C151C6C23075DD8003094CA /* Build configuration list for PBXNativeTarget "FizzBuzzTests" */ = {
			isa = XCConfigurationList;
			buildConfigurations = (
				2C151C6D23075DD8003094CA /* Debug */,
				2C151C6E23075DD8003094CA /* Release */,
			);
			defaultConfigurationIsVisible = 0;
			defaultConfigurationName = Release;
		};
		2C151C6F23075DD8003094CA /* Build configuration list for PBXNativeTarget "FizzBuzzUITests" */ = {
			isa = XCConfigurationList;
			buildConfigurations = (
				2C151C7023075DD8003094CA /* Debug */,
				2C151C7123075DD8003094CA /* Release */,
			);
			defaultConfigurationIsVisible = 0;
			defaultConfigurationName = Release;
		};
/* End XCConfigurationList section */
	};
	rootObject = 2C151C3523075DD7003094CA /* Project object */;
}
